
Microsoft Visual Studio Solution File, Format Version 12.00
# Visual Studio 15
VisualStudioVersion = 15.0.27130.2036
MinimumVisualStudioVersion = 10.0.40219.1
Project("{FAE04EC0-301F-11D3-BF4B-00C04F79EFBC}") = "WebKermesse", "WebKermesse\WebKermesse.csproj", "{6F48B735-A905-4C9F-9C47-9100E31C6446}"
EndProject
Project("{FAE04EC0-301F-11D3-BF4B-00C04F79EFBC}") = "WebKermesse.Tests", "WebKermesse.Tests\WebKermesse.Tests.csproj", "{71956DBD-156F-4CAF-BDEA-B6A5B9B845E9}"
EndProject
Project("{FAE04EC0-301F-11D3-BF4B-00C04F79EFBC}") = "KermesseBO", "KermesseBO\KermesseBO.csproj", "{60D5B2E4-FEF8-453D-909D-05492C78055F}"
EndProject
Project("{FAE04EC0-301F-11D3-BF4B-00C04F79EFBC}") = "KermesseDAL", "KermesseDAL\KermesseDAL.csproj", "{BDBAF6DE-578C-4ACD-9AD5-481604A9EC26}"
EndProject
Global
	GlobalSection(SolutionConfigurationPlatforms) = preSolution
		Debug|Any CPU = Debug|Any CPU
		Release|Any CPU = Release|Any CPU
	EndGlobalSection
	GlobalSection(ProjectConfigurationPlatforms) = postSolution
		{6F48B735-A905-4C9F-9C47-9100E31C6446}.Debug|Any CPU.ActiveCfg = Debug|Any CPU
		{6F48B735-A905-4C9F-9C47-9100E31C6446}.Debug|Any CPU.Build.0 = Debug|Any CPU
		{6F48B735-A905-4C9F-9C47-9100E31C6446}.Release|Any CPU.ActiveCfg = Release|Any CPU
		{6F48B735-A905-4C9F-9C47-9100E31C6446}.Release|Any CPU.Build.0 = Release|Any CPU
		{71956DBD-156F-4CAF-BDEA-B6A5B9B845E9}.Debug|Any CPU.ActiveCfg = Debug|Any CPU
		{71956DBD-156F-4CAF-BDEA-B6A5B9B845E9}.Debug|Any CPU.Build.0 = Debug|Any CPU
		{71956DBD-156F-4CAF-BDEA-B6A5B9B845E9}.Release|Any CPU.ActiveCfg = Release|Any CPU
		{71956DBD-156F-4CAF-BDEA-B6A5B9B845E9}.Release|Any CPU.Build.0 = Release|Any CPU
		{60D5B2E4-FEF8-453D-909D-05492C78055F}.Debug|Any CPU.ActiveCfg = Debug|Any CPU
		{60D5B2E4-FEF8-453D-909D-05492C78055F}.Debug|Any CPU.Build.0 = Debug|Any CPU
		{60D5B2E4-FEF8-453D-909D-05492C78055F}.Release|Any CPU.ActiveCfg = Release|Any CPU
		{60D5B2E4-FEF8-453D-909D-05492C78055F}.Release|Any CPU.Build.0 = Release|Any CPU
		{BDBAF6DE-578C-4ACD-9AD5-481604A9EC26}.Debug|Any CPU.ActiveCfg = Debug|Any CPU
		{BDBAF6DE-578C-4ACD-9AD5-481604A9EC26}.Debug|Any CPU.Build.0 = Debug|Any CPU
		{BDBAF6DE-578C-4ACD-9AD5-481604A9EC26}.Release|Any CPU.ActiveCfg = Release|Any CPU
		{BDBAF6DE-578C-4ACD-9AD5-481604A9EC26}.Release|Any CPU.Build.0 = Release|Any CPU
	EndGlobalSection
	GlobalSection(SolutionProperties) = preSolution
		HideSolutionNode = FALSE
	EndGlobalSection
	GlobalSection(ExtensibilityGlobals) = postSolution
		SolutionGuid = {7F3ADB9E-9C43-4C27-A061-949D5E7628C0}
	EndGlobalSection
EndGlobal
